
Microsoft Visual Studio Solution File, Format Version 12.00
# Visual Studio 15
VisualStudioVersion = 15.0.27130.2026
MinimumVisualStudioVersion = 10.0.40219.1
Project("{FAE04EC0-301F-11D3-BF4B-00C04F79EFBC}") = "HelloCSharpWin", "HelloCSharpWin.csproj", "{E52618B5-A04F-499B-8A17-5A478FD0D896}"
EndProject
Global
	GlobalSection(SolutionConfigurationPlatforms) = preSolution
		Debug|Any CPU = Debug|Any CPU
		Release|Any CPU = Release|Any CPU
	EndGlobalSection
	GlobalSection(ProjectConfigurationPlatforms) = postSolution
		{E52618B5-A04F-499B-8A17-5A478FD0D896}.Debug|Any CPU.ActiveCfg = Debug|Any CPU
		{E52618B5-A04F-499B-8A17-5A478FD0D896}.Debug|Any CPU.Build.0 = Debug|Any CPU
		{E52618B5-A04F-499B-8A17-5A478FD0D896}.Release|Any CPU.ActiveCfg = Release|Any CPU
		{E52618B5-A04F-499B-8A17-5A478FD0D896}.Release|Any CPU.Build.0 = Release|Any CPU
	EndGlobalSection
	GlobalSection(SolutionProperties) = preSolution
		HideSolutionNode = FALSE
	EndGlobalSection
	GlobalSection(ExtensibilityGlobals) = postSolution
		SolutionGuid = {828445C6-5EFB-4A8B-82A2-3BC92ADC63CB}
	EndGlobalSection
EndGlobal
